
Microsoft Visual Studio Solution File, Format Version 12.00
# Visual Studio Version 17
VisualStudioVersion = 17.2.32519.379
MinimumVisualStudioVersion = 10.0.40219.1
Project("{9A19103F-16F7-4668-BE54-9A1E7A4F7556}") = "StarTrekvsStarWars", "StarTrekvsStarWars.csproj", "{FD27D2F2-0D63-46A0-B28F-722BBD126DBD}"
EndProject
Global
	GlobalSection(SolutionConfigurationPlatforms) = preSolution
		Debug|Any CPU = Debug|Any CPU
		Release|Any CPU = Release|Any CPU
	EndGlobalSection
	GlobalSection(ProjectConfigurationPlatforms) = postSolution
		{FD27D2F2-0D63-46A0-B28F-722BBD126DBD}.Debug|Any CPU.ActiveCfg = Debug|Any CPU
		{FD27D2F2-0D63-46A0-B28F-722BBD126DBD}.Debug|Any CPU.Build.0 = Debug|Any CPU
		{FD27D2F2-0D63-46A0-B28F-722BBD126DBD}.Release|Any CPU.ActiveCfg = Release|Any CPU
		{FD27D2F2-0D63-46A0-B28F-722BBD126DBD}.Release|Any CPU.Build.0 = Release|Any CPU
	EndGlobalSection
	GlobalSection(SolutionProperties) = preSolution
		HideSolutionNode = FALSE
	EndGlobalSection
	GlobalSection(ExtensibilityGlobals) = postSolution
		SolutionGuid = {C47B98ED-C9EB-4710-BFB5-F0EFCB508F34}
	EndGlobalSection
EndGlobal
